
Microsoft Visual Studio Solution File, Format Version 12.00
# Visual Studio Version 17
VisualStudioVersion = 17.5.002.0
MinimumVisualStudioVersion = 10.0.40219.1
Project("{2150E333-8FDC-42A3-9474-1A3956D46DE8}") = "sandbox", "sandbox", "{3B400EAA-0D6E-4510-AB6D-A031D9315CFC}"
EndProject
Project("{9A19103F-16F7-4668-BE54-9A1E7A4F7556}") = "sandbox_project", "sandbox\sandbox_project\sandbox_project.csproj", "{7B44D70D-9D5E-4342-AAC9-DBBAA558CBF3}"
EndProject
Project("{2150E333-8FDC-42A3-9474-1A3956D46DE8}") = "week01", "week01", "{5FD1E663-48B7-4293-99C4-85DE1BDC6FC7}"
EndProject
Project("{9A19103F-16F7-4668-BE54-9A1E7A4F7556}") = "analyze", "week01\analyze\analyze.csproj", "{9B68EE1B-6FFC-4EFF-B1F7-CF284858A27E}"
EndProject
Project("{9A19103F-16F7-4668-BE54-9A1E7A4F7556}") = "code", "week01\code\code.csproj", "{5A88873C-7A3C-4C3D-942A-61ADF05E8EF3}"
EndProject
Project("{9A19103F-16F7-4668-BE54-9A1E7A4F7556}") = "teach", "week01\teach\teach.csproj", "{5307E2BD-384D-47FA-81CC-E2F348075219}"
EndProject
Project("{2150E333-8FDC-42A3-9474-1A3956D46DE8}") = "week02", "week02", "{03C428A2-7212-4AB5-8993-D587CB38EA55}"
EndProject
Project("{9A19103F-16F7-4668-BE54-9A1E7A4F7556}") = "analyze", "week02\analyze\analyze.csproj", "{CD1621CC-E640-4339-9A51-193D3ADFD388}"
EndProject
Project("{9A19103F-16F7-4668-BE54-9A1E7A4F7556}") = "code", "week02\code\code.csproj", "{6F7B4BB1-3279-4C0C-A8D8-0D8ED1B357E5}"
EndProject
Project("{9A19103F-16F7-4668-BE54-9A1E7A4F7556}") = "learn", "week02\learn\learn.csproj", "{90F2DBF1-67B8-4694-873A-E044C1E5AFBF}"
EndProject
Project("{9A19103F-16F7-4668-BE54-9A1E7A4F7556}") = "teach", "week02\teach\teach.csproj", "{0A82B1D4-A45F-496D-9508-28A60A67FEA3}"
EndProject
Project("{2150E333-8FDC-42A3-9474-1A3956D46DE8}") = "week03", "week03", "{5E6E0561-25DE-4AE8-9FEC-7B59642E5D87}"
EndProject
Project("{9A19103F-16F7-4668-BE54-9A1E7A4F7556}") = "code", "week03\code\code.csproj", "{DBAF3806-5C56-4227-AFE7-80043D00F3C3}"
EndProject
Project("{9A19103F-16F7-4668-BE54-9A1E7A4F7556}") = "learn", "week03\learn\learn.csproj", "{9BD57077-2F59-4D31-B2A6-F967F6990DBD}"
EndProject
Project("{9A19103F-16F7-4668-BE54-9A1E7A4F7556}") = "teach", "week03\teach\teach.csproj", "{B49D9F77-F71F-4A08-97ED-C600722469A0}"
EndProject
Project("{2150E333-8FDC-42A3-9474-1A3956D46DE8}") = "week04", "week04", "{ACBC308C-D9CA-40C6-83CE-8417D969CA5B}"
EndProject
Project("{9A19103F-16F7-4668-BE54-9A1E7A4F7556}") = "code", "week04\code\code.csproj", "{9C681F60-F5A5-4847-83A2-145155E376B4}"
EndProject
Project("{2150E333-8FDC-42A3-9474-1A3956D46DE8}") = "week05", "week05", "{567723E8-443A-4551-A07A-79959322ABDA}"
EndProject
Project("{9A19103F-16F7-4668-BE54-9A1E7A4F7556}") = "code", "week05\code\code.csproj", "{A8D5DE70-AC89-4362-8322-77BE7893D5B4}"
EndProject
Project("{2150E333-8FDC-42A3-9474-1A3956D46DE8}") = "week06", "week06", "{1F30CA3C-EF4D-4034-8992-0588FA6CD4D3}"
EndProject
Project("{9A19103F-16F7-4668-BE54-9A1E7A4F7556}") = "code", "week06\code\code.csproj", "{6011BB7F-9C65-4200-B26A-EF00543A68D4}"
EndProject
Global
	GlobalSection(SolutionConfigurationPlatforms) = preSolution
		Debug|Any CPU = Debug|Any CPU
		Release|Any CPU = Release|Any CPU
	EndGlobalSection
	GlobalSection(ProjectConfigurationPlatforms) = postSolution
		{7B44D70D-9D5E-4342-AAC9-DBBAA558CBF3}.Debug|Any CPU.ActiveCfg = Debug|Any CPU
		{7B44D70D-9D5E-4342-AAC9-DBBAA558CBF3}.Debug|Any CPU.Build.0 = Debug|Any CPU
		{7B44D70D-9D5E-4342-AAC9-DBBAA558CBF3}.Release|Any CPU.ActiveCfg = Release|Any CPU
		{7B44D70D-9D5E-4342-AAC9-DBBAA558CBF3}.Release|Any CPU.Build.0 = Release|Any CPU
		{9B68EE1B-6FFC-4EFF-B1F7-CF284858A27E}.Debug|Any CPU.ActiveCfg = Debug|Any CPU
		{9B68EE1B-6FFC-4EFF-B1F7-CF284858A27E}.Debug|Any CPU.Build.0 = Debug|Any CPU
		{9B68EE1B-6FFC-4EFF-B1F7-CF284858A27E}.Release|Any CPU.ActiveCfg = Release|Any CPU
		{9B68EE1B-6FFC-4EFF-B1F7-CF284858A27E}.Release|Any CPU.Build.0 = Release|Any CPU
		{5A88873C-7A3C-4C3D-942A-61ADF05E8EF3}.Debug|Any CPU.ActiveCfg = Debug|Any CPU
		{5A88873C-7A3C-4C3D-942A-61ADF05E8EF3}.Debug|Any CPU.Build.0 = Debug|Any CPU
		{5A88873C-7A3C-4C3D-942A-61ADF05E8EF3}.Release|Any CPU.ActiveCfg = Release|Any CPU
		{5A88873C-7A3C-4C3D-942A-61ADF05E8EF3}.Release|Any CPU.Build.0 = Release|Any CPU
		{5307E2BD-384D-47FA-81CC-E2F348075219}.Debug|Any CPU.ActiveCfg = Debug|Any CPU
		{5307E2BD-384D-47FA-81CC-E2F348075219}.Debug|Any CPU.Build.0 = Debug|Any CPU
		{5307E2BD-384D-47FA-81CC-E2F348075219}.Release|Any CPU.ActiveCfg = Release|Any CPU
		{5307E2BD-384D-47FA-81CC-E2F348075219}.Release|Any CPU.Build.0 = Release|Any CPU
		{CD1621CC-E640-4339-9A51-193D3ADFD388}.Debug|Any CPU.ActiveCfg = Debug|Any CPU
		{CD1621CC-E640-4339-9A51-193D3ADFD388}.Debug|Any CPU.Build.0 = Debug|Any CPU
		{CD1621CC-E640-4339-9A51-193D3ADFD388}.Release|Any CPU.ActiveCfg = Release|Any CPU
		{CD1621CC-E640-4339-9A51-193D3ADFD388}.Release|Any CPU.Build.0 = Release|Any CPU
		{6F7B4BB1-3279-4C0C-A8D8-0D8ED1B357E5}.Debug|Any CPU.ActiveCfg = Debug|Any CPU
		{6F7B4BB1-3279-4C0C-A8D8-0D8ED1B357E5}.Debug|Any CPU.Build.0 = Debug|Any CPU
		{6F7B4BB1-3279-4C0C-A8D8-0D8ED1B357E5}.Release|Any CPU.ActiveCfg = Release|Any CPU
		{6F7B4BB1-3279-4C0C-A8D8-0D8ED1B357E5}.Release|Any CPU.Build.0 = Release|Any CPU
		{90F2DBF1-67B8-4694-873A-E044C1E5AFBF}.Debug|Any CPU.ActiveCfg = Debug|Any CPU
		{90F2DBF1-67B8-4694-873A-E044C1E5AFBF}.Debug|Any CPU.Build.0 = Debug|Any CPU
		{90F2DBF1-67B8-4694-873A-E044C1E5AFBF}.Release|Any CPU.ActiveCfg = Release|Any CPU
		{90F2DBF1-67B8-4694-873A-E044C1E5AFBF}.Release|Any CPU.Build.0 = Release|Any CPU
		{0A82B1D4-A45F-496D-9508-28A60A67FEA3}.Debug|Any CPU.ActiveCfg = Debug|Any CPU
		{0A82B1D4-A45F-496D-9508-28A60A67FEA3}.Debug|Any CPU.Build.0 = Debug|Any CPU
		{0A82B1D4-A45F-496D-9508-28A60A67FEA3}.Release|Any CPU.ActiveCfg = Release|Any CPU
		{0A82B1D4-A45F-496D-9508-28A60A67FEA3}.Release|Any CPU.Build.0 = Release|Any CPU
		{DBAF3806-5C56-4227-AFE7-80043D00F3C3}.Debug|Any CPU.ActiveCfg = Debug|Any CPU
		{DBAF3806-5C56-4227-AFE7-80043D00F3C3}.Debug|Any CPU.Build.0 = Debug|Any CPU
		{DBAF3806-5C56-4227-AFE7-80043D00F3C3}.Release|Any CPU.ActiveCfg = Release|Any CPU
		{DBAF3806-5C56-4227-AFE7-80043D00F3C3}.Release|Any CPU.Build.0 = Release|Any CPU
		{9BD57077-2F59-4D31-B2A6-F967F6990DBD}.Debug|Any CPU.ActiveCfg = Debug|Any CPU
		{9BD57077-2F59-4D31-B2A6-F967F6990DBD}.Debug|Any CPU.Build.0 = Debug|Any CPU
		{9BD57077-2F59-4D31-B2A6-F967F6990DBD}.Release|Any CPU.ActiveCfg = Release|Any CPU
		{9BD57077-2F59-4D31-B2A6-F967F6990DBD}.Release|Any CPU.Build.0 = Release|Any CPU
		{B49D9F77-F71F-4A08-97ED-C600722469A0}.Debug|Any CPU.ActiveCfg = Debug|Any CPU
		{B49D9F77-F71F-4A08-97ED-C600722469A0}.Debug|Any CPU.Build.0 = Debug|Any CPU
		{B49D9F77-F71F-4A08-97ED-C600722469A0}.Release|Any CPU.ActiveCfg = Release|Any CPU
		{B49D9F77-F71F-4A08-97ED-C600722469A0}.Release|Any CPU.Build.0 = Release|Any CPU
		{9C681F60-F5A5-4847-83A2-145155E376B4}.Debug|Any CPU.ActiveCfg = Debug|Any CPU
		{9C681F60-F5A5-4847-83A2-145155E376B4}.Debug|Any CPU.Build.0 = Debug|Any CPU
		{9C681F60-F5A5-4847-83A2-145155E376B4}.Release|Any CPU.ActiveCfg = Release|Any CPU
		{9C681F60-F5A5-4847-83A2-145155E376B4}.Release|Any CPU.Build.0 = Release|Any CPU
		{A8D5DE70-AC89-4362-8322-77BE7893D5B4}.Debug|Any CPU.ActiveCfg = Debug|Any CPU
		{A8D5DE70-AC89-4362-8322-77BE7893D5B4}.Debug|Any CPU.Build.0 = Debug|Any CPU
		{A8D5DE70-AC89-4362-8322-77BE7893D5B4}.Release|Any CPU.ActiveCfg = Release|Any CPU
		{A8D5DE70-AC89-4362-8322-77BE7893D5B4}.Release|Any CPU.Build.0 = Release|Any CPU
		{6011BB7F-9C65-4200-B26A-EF00543A68D4}.Debug|Any CPU.ActiveCfg = Debug|Any CPU
		{6011BB7F-9C65-4200-B26A-EF00543A68D4}.Debug|Any CPU.Build.0 = Debug|Any CPU
		{6011BB7F-9C65-4200-B26A-EF00543A68D4}.Release|Any CPU.ActiveCfg = Release|Any CPU
		{6011BB7F-9C65-4200-B26A-EF00543A68D4}.Release|Any CPU.Build.0 = Release|Any CPU
	EndGlobalSection
	GlobalSection(SolutionProperties) = preSolution
		HideSolutionNode = FALSE
	EndGlobalSection
	GlobalSection(NestedProjects) = preSolution
		{7B44D70D-9D5E-4342-AAC9-DBBAA558CBF3} = {3B400EAA-0D6E-4510-AB6D-A031D9315CFC}
		{9B68EE1B-6FFC-4EFF-B1F7-CF284858A27E} = {5FD1E663-48B7-4293-99C4-85DE1BDC6FC7}
		{5A88873C-7A3C-4C3D-942A-61ADF05E8EF3} = {5FD1E663-48B7-4293-99C4-85DE1BDC6FC7}
		{5307E2BD-384D-47FA-81CC-E2F348075219} = {5FD1E663-48B7-4293-99C4-85DE1BDC6FC7}
		{CD1621CC-E640-4339-9A51-193D3ADFD388} = {03C428A2-7212-4AB5-8993-D587CB38EA55}
		{6F7B4BB1-3279-4C0C-A8D8-0D8ED1B357E5} = {03C428A2-7212-4AB5-8993-D587CB38EA55}
		{90F2DBF1-67B8-4694-873A-E044C1E5AFBF} = {03C428A2-7212-4AB5-8993-D587CB38EA55}
		{0A82B1D4-A45F-496D-9508-28A60A67FEA3} = {03C428A2-7212-4AB5-8993-D587CB38EA55}
		{DBAF3806-5C56-4227-AFE7-80043D00F3C3} = {5E6E0561-25DE-4AE8-9FEC-7B59642E5D87}
		{9BD57077-2F59-4D31-B2A6-F967F6990DBD} = {5E6E0561-25DE-4AE8-9FEC-7B59642E5D87}
		{B49D9F77-F71F-4A08-97ED-C600722469A0} = {5E6E0561-25DE-4AE8-9FEC-7B59642E5D87}
		{9C681F60-F5A5-4847-83A2-145155E376B4} = {ACBC308C-D9CA-40C6-83CE-8417D969CA5B}
		{A8D5DE70-AC89-4362-8322-77BE7893D5B4} = {567723E8-443A-4551-A07A-79959322ABDA}
		{6011BB7F-9C65-4200-B26A-EF00543A68D4} = {1F30CA3C-EF4D-4034-8992-0588FA6CD4D3}
	EndGlobalSection
	GlobalSection(ExtensibilityGlobals) = postSolution
		SolutionGuid = {00C42CE3-7B31-435A-8B31-1954C4CDAF4E}
	EndGlobalSection
EndGlobal
